
Microsoft Visual Studio Solution File, Format Version 12.00
# Visual Studio Version 17
VisualStudioVersion = 17.12.35707.178
MinimumVisualStudioVersion = 10.0.40219.1
Project("{FAE04EC0-301F-11D3-BF4B-00C04F79EFBC}") = "STBEverywhere_back_APIClient", "STBEverywhere_back_APIClient\STBEverywhere_back_APIClient.csproj", "{13E46946-0E67-476E-A63D-F3E978C4832D}"
EndProject
Project("{FAE04EC0-301F-11D3-BF4B-00C04F79EFBC}") = "STBEverywhere_back_APICompte", "STBEverywhere_back_APICompte\STBEverywhere_back_APICompte.csproj", "{AC5D0E29-604C-4256-9451-D8C5C1845DF4}"
EndProject
Project("{FAE04EC0-301F-11D3-BF4B-00C04F79EFBC}") = "STBEverywhere_Back_SharedModels", "STBEverywhere_Back_SharedModels\STBEverywhere_Back_SharedModels.csproj", "{A842F652-2EE3-4F2B-B021-6BE72F1FC975}"
EndProject
Project("{FAE04EC0-301F-11D3-BF4B-00C04F79EFBC}") = "STBEverywhere_back_APICarte", "STBEverywhere_back_APICarte\STBEverywhere_back_APICarte.csproj", "{0E9939A2-8BDB-4D27-9999-837955B5A2BE}"
EndProject
Project("{FAE04EC0-301F-11D3-BF4B-00C04F79EFBC}") = "STBEverywhere_back_APIChequier", "STBEverywhere_back_APIChequier\STBEverywhere_back_APIChequier.csproj", "{6D5D05CE-9A89-4080-9747-DB31B1F0803B}"
EndProject
Project("{FAE04EC0-301F-11D3-BF4B-00C04F79EFBC}") = "STBEverywhere_ApiGateway", "STBEverywhere_ApiGateway\STBEverywhere_ApiGateway.csproj", "{165D49AC-DF5B-45ED-98C1-D56EF549A62C}"
EndProject
Project("{FAE04EC0-301F-11D3-BF4B-00C04F79EFBC}") = "STBEverywheres_Back_ApiAuth", "STBEverywheres_Back_ApiAuth\STBEverywheres_Back_ApiAuth.csproj", "{BF6B8A3F-7C22-417A-86E2-7E6C4A79AF7C}"
EndProject
Global
	GlobalSection(SolutionConfigurationPlatforms) = preSolution
		Debug|Any CPU = Debug|Any CPU
		Release|Any CPU = Release|Any CPU
	EndGlobalSection
	GlobalSection(ProjectConfigurationPlatforms) = postSolution
		{13E46946-0E67-476E-A63D-F3E978C4832D}.Debug|Any CPU.ActiveCfg = Debug|Any CPU
		{13E46946-0E67-476E-A63D-F3E978C4832D}.Debug|Any CPU.Build.0 = Debug|Any CPU
		{13E46946-0E67-476E-A63D-F3E978C4832D}.Release|Any CPU.ActiveCfg = Release|Any CPU
		{13E46946-0E67-476E-A63D-F3E978C4832D}.Release|Any CPU.Build.0 = Release|Any CPU
		{AC5D0E29-604C-4256-9451-D8C5C1845DF4}.Debug|Any CPU.ActiveCfg = Debug|Any CPU
		{AC5D0E29-604C-4256-9451-D8C5C1845DF4}.Debug|Any CPU.Build.0 = Debug|Any CPU
		{AC5D0E29-604C-4256-9451-D8C5C1845DF4}.Release|Any CPU.ActiveCfg = Release|Any CPU
		{AC5D0E29-604C-4256-9451-D8C5C1845DF4}.Release|Any CPU.Build.0 = Release|Any CPU
		{A842F652-2EE3-4F2B-B021-6BE72F1FC975}.Debug|Any CPU.ActiveCfg = Debug|Any CPU
		{A842F652-2EE3-4F2B-B021-6BE72F1FC975}.Debug|Any CPU.Build.0 = Debug|Any CPU
		{A842F652-2EE3-4F2B-B021-6BE72F1FC975}.Release|Any CPU.ActiveCfg = Release|Any CPU
		{A842F652-2EE3-4F2B-B021-6BE72F1FC975}.Release|Any CPU.Build.0 = Release|Any CPU
		{0E9939A2-8BDB-4D27-9999-837955B5A2BE}.Debug|Any CPU.ActiveCfg = Debug|Any CPU
		{0E9939A2-8BDB-4D27-9999-837955B5A2BE}.Debug|Any CPU.Build.0 = Debug|Any CPU
		{0E9939A2-8BDB-4D27-9999-837955B5A2BE}.Release|Any CPU.ActiveCfg = Release|Any CPU
		{0E9939A2-8BDB-4D27-9999-837955B5A2BE}.Release|Any CPU.Build.0 = Release|Any CPU
		{6D5D05CE-9A89-4080-9747-DB31B1F0803B}.Debug|Any CPU.ActiveCfg = Debug|Any CPU
		{6D5D05CE-9A89-4080-9747-DB31B1F0803B}.Debug|Any CPU.Build.0 = Debug|Any CPU
		{6D5D05CE-9A89-4080-9747-DB31B1F0803B}.Release|Any CPU.ActiveCfg = Release|Any CPU
		{6D5D05CE-9A89-4080-9747-DB31B1F0803B}.Release|Any CPU.Build.0 = Release|Any CPU
		{165D49AC-DF5B-45ED-98C1-D56EF549A62C}.Debug|Any CPU.ActiveCfg = Debug|Any CPU
		{165D49AC-DF5B-45ED-98C1-D56EF549A62C}.Debug|Any CPU.Build.0 = Debug|Any CPU
		{165D49AC-DF5B-45ED-98C1-D56EF549A62C}.Release|Any CPU.ActiveCfg = Release|Any CPU
		{165D49AC-DF5B-45ED-98C1-D56EF549A62C}.Release|Any CPU.Build.0 = Release|Any CPU
		{BF6B8A3F-7C22-417A-86E2-7E6C4A79AF7C}.Debug|Any CPU.ActiveCfg = Debug|Any CPU
		{BF6B8A3F-7C22-417A-86E2-7E6C4A79AF7C}.Debug|Any CPU.Build.0 = Debug|Any CPU
		{BF6B8A3F-7C22-417A-86E2-7E6C4A79AF7C}.Release|Any CPU.ActiveCfg = Release|Any CPU
		{BF6B8A3F-7C22-417A-86E2-7E6C4A79AF7C}.Release|Any CPU.Build.0 = Release|Any CPU
	EndGlobalSection
	GlobalSection(SolutionProperties) = preSolution
		HideSolutionNode = FALSE
	EndGlobalSection
EndGlobal
